// !$*UTF8*$!
{
	archiveVersion = 1;
	classes = {
	};
	objectVersion = 56;
	objects = {

/* Begin PBXBuildFile section */
		BE72FF122A660DA600561E5D /* Sphere.swift in Sources */ = {isa = PBXBuildFile; fileRef = BE72FF112A660DA600561E5D /* Sphere.swift */; };
		BEEAE8952A6400B0003160CD /* RealityKitContent in Frameworks */ = {isa = PBXBuildFile; productRef = BEEAE8942A6400B0003160CD /* RealityKitContent */; };
		BEEAE8972A6400B0003160CD /* LaboVisionOSApp.swift in Sources */ = {isa = PBXBuildFile; fileRef = BEEAE8962A6400B0003160CD /* LaboVisionOSApp.swift */; };
		BEEAE8992A6400B0003160CD /* ContentView.swift in Sources */ = {isa = PBXBuildFile; fileRef = BEEAE8982A6400B0003160CD /* ContentView.swift */; };
		BEEAE89B2A6400B4003160CD /* Assets.xcassets in Resources */ = {isa = PBXBuildFile; fileRef = BEEAE89A2A6400B4003160CD /* Assets.xcassets */; };
		BEEAE89E2A6400B4003160CD /* Preview Assets.xcassets in Resources */ = {isa = PBXBuildFile; fileRef = BEEAE89D2A6400B4003160CD /* Preview Assets.xcassets */; };
		BEEAE8A82A6400B4003160CD /* LaboVisionOSTests.swift in Sources */ = {isa = PBXBuildFile; fileRef = BEEAE8A72A6400B4003160CD /* LaboVisionOSTests.swift */; };
/* End PBXBuildFile section */

/* Begin PBXContainerItemProxy section */
		BEEAE8A42A6400B4003160CD /* PBXContainerItemProxy */ = {
			isa = PBXContainerItemProxy;
			containerPortal = BEEAE8872A6400B0003160CD /* Project object */;
			proxyType = 1;
			remoteGlobalIDString = BEEAE88E2A6400B0003160CD;
			remoteInfo = LaboVisionOS;
		};
/* End PBXContainerItemProxy section */

/* Begin PBXFileReference section */
		BE72FF112A660DA600561E5D /* Sphere.swift */ = {isa = PBXFileReference; lastKnownFileType = sourcecode.swift; path = Sphere.swift; sourceTree = "<group>"; };
		BEEAE88F2A6400B0003160CD /* LaboVisionOS.app */ = {isa = PBXFileReference; explicitFileType = wrapper.application; includeInIndex = 0; path = LaboVisionOS.app; sourceTree = BUILT_PRODUCTS_DIR; };
		BEEAE8932A6400B0003160CD /* RealityKitContent */ = {isa = PBXFileReference; lastKnownFileType = wrapper; path = RealityKitContent; sourceTree = "<group>"; };
		BEEAE8962A6400B0003160CD /* LaboVisionOSApp.swift */ = {isa = PBXFileReference; lastKnownFileType = sourcecode.swift; path = LaboVisionOSApp.swift; sourceTree = "<group>"; };
		BEEAE8982A6400B0003160CD /* ContentView.swift */ = {isa = PBXFileReference; lastKnownFileType = sourcecode.swift; path = ContentView.swift; sourceTree = "<group>"; };
		BEEAE89A2A6400B4003160CD /* Assets.xcassets */ = {isa = PBXFileReference; lastKnownFileType = folder.assetcatalog; path = Assets.xcassets; sourceTree = "<group>"; };
		BEEAE89D2A6400B4003160CD /* Preview Assets.xcassets */ = {isa = PBXFileReference; lastKnownFileType = folder.assetcatalog; path = "Preview Assets.xcassets"; sourceTree = "<group>"; };
		BEEAE8A32A6400B4003160CD /* LaboVisionOSTests.xctest */ = {isa = PBXFileReference; explicitFileType = wrapper.cfbundle; includeInIndex = 0; path = LaboVisionOSTests.xctest; sourceTree = BUILT_PRODUCTS_DIR; };
		BEEAE8A72A6400B4003160CD /* LaboVisionOSTests.swift */ = {isa = PBXFileReference; lastKnownFileType = sourcecode.swift; path = LaboVisionOSTests.swift; sourceTree = "<group>"; };
/* End PBXFileReference section */

/* Begin PBXFrameworksBuildPhase section */
		BEEAE88C2A6400B0003160CD /* Frameworks */ = {
			isa = PBXFrameworksBuildPhase;
			buildActionMask = 2147483647;
			files = (
				BEEAE8952A6400B0003160CD /* RealityKitContent in Frameworks */,
			);
			runOnlyForDeploymentPostprocessing = 0;
		};
		BEEAE8A02A6400B4003160CD /* Frameworks */ = {
			isa = PBXFrameworksBuildPhase;
			buildActionMask = 2147483647;
			files = (
			);
			runOnlyForDeploymentPostprocessing = 0;
		};
/* End PBXFrameworksBuildPhase section */

/* Begin PBXGroup section */
		BE72FF102A660D9400561E5D /* Models */ = {
			isa = PBXGroup;
			children = (
				BE72FF112A660DA600561E5D /* Sphere.swift */,
			);
			path = Models;
			sourceTree = "<group>";
		};
		BEEAE8862A6400B0003160CD = {
			isa = PBXGroup;
			children = (
				BEEAE8912A6400B0003160CD /* LaboVisionOS */,
				BEEAE8922A6400B0003160CD /* Packages */,
				BEEAE8A62A6400B4003160CD /* LaboVisionOSTests */,
				BEEAE8902A6400B0003160CD /* Products */,
			);
			sourceTree = "<group>";
		};
		BEEAE8902A6400B0003160CD /* Products */ = {
			isa = PBXGroup;
			children = (
				BEEAE88F2A6400B0003160CD /* LaboVisionOS.app */,
				BEEAE8A32A6400B4003160CD /* LaboVisionOSTests.xctest */,
			);
			name = Products;
			sourceTree = "<group>";
		};
		BEEAE8912A6400B0003160CD /* LaboVisionOS */ = {
			isa = PBXGroup;
			children = (
				BEEAE8962A6400B0003160CD /* LaboVisionOSApp.swift */,
				BEEAE8982A6400B0003160CD /* ContentView.swift */,
				BE72FF102A660D9400561E5D /* Models */,
				BEEAE89A2A6400B4003160CD /* Assets.xcassets */,
				BEEAE89C2A6400B4003160CD /* Preview Content */,
			);
			path = LaboVisionOS;
			sourceTree = "<group>";
		};
		BEEAE8922A6400B0003160CD /* Packages */ = {
			isa = PBXGroup;
			children = (
				BEEAE8932A6400B0003160CD /* RealityKitContent */,
			);
			path = Packages;
			sourceTree = "<group>";
		};
		BEEAE89C2A6400B4003160CD /* Preview Content */ = {
			isa = PBXGroup;
			children = (
				BEEAE89D2A6400B4003160CD /* Preview Assets.xcassets */,
			);
			path = "Preview Content";
			sourceTree = "<group>";
		};
		BEEAE8A62A6400B4003160CD /* LaboVisionOSTests */ = {
			isa = PBXGroup;
			children = (
				BEEAE8A72A6400B4003160CD /* LaboVisionOSTests.swift */,
			);
			path = LaboVisionOSTests;
			sourceTree = "<group>";
		};
/* End PBXGroup section */

/* Begin PBXNativeTarget section */
		BEEAE88E2A6400B0003160CD /* LaboVisionOS */ = {
			isa = PBXNativeTarget;
			buildConfigurationList = BEEAE8AB2A6400B4003160CD /* Build configuration list for PBXNativeTarget "LaboVisionOS" */;
			buildPhases = (
				BEEAE88B2A6400B0003160CD /* Sources */,
				BEEAE88C2A6400B0003160CD /* Frameworks */,
				BEEAE88D2A6400B0003160CD /* Resources */,
				BEEAE8B22A640311003160CD /* Run Script SwiftLint */,
			);
			buildRules = (
			);
			dependencies = (
			);
			name = LaboVisionOS;
			packageProductDependencies = (
				BEEAE8942A6400B0003160CD /* RealityKitContent */,
			);
			productName = LaboVisionOS;
			productReference = BEEAE88F2A6400B0003160CD /* LaboVisionOS.app */;
			productType = "com.apple.product-type.application";
		};
		BEEAE8A22A6400B4003160CD /* LaboVisionOSTests */ = {
			isa = PBXNativeTarget;
			buildConfigurationList = BEEAE8AE2A6400B4003160CD /* Build configuration list for PBXNativeTarget "LaboVisionOSTests" */;
			buildPhases = (
				BEEAE89F2A6400B4003160CD /* Sources */,
				BEEAE8A02A6400B4003160CD /* Frameworks */,
				BEEAE8A12A6400B4003160CD /* Resources */,
			);
			buildRules = (
			);
			dependencies = (
				BEEAE8A52A6400B4003160CD /* PBXTargetDependency */,
			);
			name = LaboVisionOSTests;
			productName = LaboVisionOSTests;
			productReference = BEEAE8A32A6400B4003160CD /* LaboVisionOSTests.xctest */;
			productType = "com.apple.product-type.bundle.unit-test";
		};
/* End PBXNativeTarget section */

/* Begin PBXProject section */
		BEEAE8872A6400B0003160CD /* Project object */ = {
			isa = PBXProject;
			attributes = {
				BuildIndependentTargetsInParallel = 1;
				LastSwiftUpdateCheck = 1500;
				LastUpgradeCheck = 1500;
				TargetAttributes = {
					BEEAE88E2A6400B0003160CD = {
						CreatedOnToolsVersion = 15.0;
					};
					BEEAE8A22A6400B4003160CD = {
						CreatedOnToolsVersion = 15.0;
						TestTargetID = BEEAE88E2A6400B0003160CD;
					};
				};
			};
			buildConfigurationList = BEEAE88A2A6400B0003160CD /* Build configuration list for PBXProject "LaboVisionOS" */;
			compatibilityVersion = "Xcode 14.0";
			developmentRegion = en;
			hasScannedForEncodings = 0;
			knownRegions = (
				en,
				Base,
			);
			mainGroup = BEEAE8862A6400B0003160CD;
			productRefGroup = BEEAE8902A6400B0003160CD /* Products */;
			projectDirPath = "";
			projectRoot = "";
			targets = (
				BEEAE88E2A6400B0003160CD /* LaboVisionOS */,
				BEEAE8A22A6400B4003160CD /* LaboVisionOSTests */,
			);
		};
/* End PBXProject section */

/* Begin PBXResourcesBuildPhase section */
		BEEAE88D2A6400B0003160CD /* Resources */ = {
			isa = PBXResourcesBuildPhase;
			buildActionMask = 2147483647;
			files = (
				BEEAE89E2A6400B4003160CD /* Preview Assets.xcassets in Resources */,
				BEEAE89B2A6400B4003160CD /* Assets.xcassets in Resources */,
			);
			runOnlyForDeploymentPostprocessing = 0;
		};
		BEEAE8A12A6400B4003160CD /* Resources */ = {
			isa = PBXResourcesBuildPhase;
			buildActionMask = 2147483647;
			files = (
			);
			runOnlyForDeploymentPostprocessing = 0;
		};
/* End PBXResourcesBuildPhase section */

/* Begin PBXShellScriptBuildPhase section */
		BEEAE8B22A640311003160CD /* Run Script SwiftLint */ = {
			isa = PBXShellScriptBuildPhase;
			alwaysOutOfDate = 1;
			buildActionMask = 2147483647;
			files = (
			);
			inputFileListPaths = (
			);
			inputPaths = (
			);
			name = "Run Script SwiftLint";
			outputFileListPaths = (
			);
			outputPaths = (
			);
			runOnlyForDeploymentPostprocessing = 0;
			shellPath = /bin/sh;
			shellScript = "if [[ \"$(uname -m)\" == arm64 ]]; then\n    export PATH=\"/opt/homebrew/bin:$PATH\"\nfi\n\nif which swiftlint > /dev/null; then\n  swiftlint\nelse\n  echo \"warning: SwiftLint not installed, download from https://github.com/realm/SwiftLint\"\nfi\n";
		};
/* End PBXShellScriptBuildPhase section */

/* Begin PBXSourcesBuildPhase section */
		BEEAE88B2A6400B0003160CD /* Sources */ = {
			isa = PBXSourcesBuildPhase;
			buildActionMask = 2147483647;
			files = (
				BEEAE8992A6400B0003160CD /* ContentView.swift in Sources */,
				BEEAE8972A6400B0003160CD /* LaboVisionOSApp.swift in Sources */,
				BE72FF122A660DA600561E5D /* Sphere.swift in Sources */,
			);
			runOnlyForDeploymentPostprocessing = 0;
		};
		BEEAE89F2A6400B4003160CD /* Sources */ = {
			isa = PBXSourcesBuildPhase;
			buildActionMask = 2147483647;
			files = (
				BEEAE8A82A6400B4003160CD /* LaboVisionOSTests.swift in Sources */,
			);
			runOnlyForDeploymentPostprocessing = 0;
		};
/* End PBXSourcesBuildPhase section */

/* Begin PBXTargetDependency section */
		BEEAE8A52A6400B4003160CD /* PBXTargetDependency */ = {
			isa = PBXTargetDependency;
			target = BEEAE88E2A6400B0003160CD /* LaboVisionOS */;
			targetProxy = BEEAE8A42A6400B4003160CD /* PBXContainerItemProxy */;
		};
/* End PBXTargetDependency section */

/* Begin XCBuildConfiguration section */
		BEEAE8A92A6400B4003160CD /* Debug */ = {
			isa = XCBuildConfiguration;
			buildSettings = {
				ALWAYS_SEARCH_USER_PATHS = NO;
				ASSETCATALOG_COMPILER_GENERATE_SWIFT_ASSET_SYMBOL_EXTENSIONS = YES;
				CLANG_ANALYZER_NONNULL = YES;
				CLANG_ANALYZER_NUMBER_OBJECT_CONVERSION = YES_AGGRESSIVE;
				CLANG_CXX_LANGUAGE_STANDARD = "gnu++20";
				CLANG_ENABLE_MODULES = YES;
				CLANG_ENABLE_OBJC_ARC = YES;
				CLANG_ENABLE_OBJC_WEAK = YES;
				CLANG_WARN_BLOCK_CAPTURE_AUTORELEASING = YES;
				CLANG_WARN_BOOL_CONVERSION = YES;
				CLANG_WARN_COMMA = YES;
				CLANG_WARN_CONSTANT_CONVERSION = YES;
				CLANG_WARN_DEPRECATED_OBJC_IMPLEMENTATIONS = YES;
				CLANG_WARN_DIRECT_OBJC_ISA_USAGE = YES_ERROR;
				CLANG_WARN_DOCUMENTATION_COMMENTS = YES;
				CLANG_WARN_EMPTY_BODY = YES;
				CLANG_WARN_ENUM_CONVERSION = YES;
				CLANG_WARN_INFINITE_RECURSION = YES;
				CLANG_WARN_INT_CONVERSION = YES;
				CLANG_WARN_NON_LITERAL_NULL_CONVERSION = YES;
				CLANG_WARN_OBJC_IMPLICIT_RETAIN_SELF = YES;
				CLANG_WARN_OBJC_LITERAL_CONVERSION = YES;
				CLANG_WARN_OBJC_ROOT_CLASS = YES_ERROR;
				CLANG_WARN_QUOTED_INCLUDE_IN_FRAMEWORK_HEADER = YES;
				CLANG_WARN_RANGE_LOOP_ANALYSIS = YES;
				CLANG_WARN_STRICT_PROTOTYPES = YES;
				CLANG_WARN_SUSPICIOUS_MOVE = YES;
				CLANG_WARN_UNGUARDED_AVAILABILITY = YES_AGGRESSIVE;
				CLANG_WARN_UNREACHABLE_CODE = YES;
				CLANG_WARN__DUPLICATE_METHOD_MATCH = YES;
				COPY_PHASE_STRIP = NO;
				DEBUG_INFORMATION_FORMAT = dwarf;
				ENABLE_STRICT_OBJC_MSGSEND = YES;
				ENABLE_TESTABILITY = YES;
				ENABLE_USER_SCRIPT_SANDBOXING = YES;
				GCC_C_LANGUAGE_STANDARD = gnu17;
				GCC_DYNAMIC_NO_PIC = NO;
				GCC_NO_COMMON_BLOCKS = YES;
				GCC_OPTIMIZATION_LEVEL = 0;
				GCC_PREPROCESSOR_DEFINITIONS = (
					"DEBUG=1",
					"$(inherited)",
				);
				GCC_WARN_64_TO_32_BIT_CONVERSION = YES;
				GCC_WARN_ABOUT_RETURN_TYPE = YES_ERROR;
				GCC_WARN_UNDECLARED_SELECTOR = YES;
				GCC_WARN_UNINITIALIZED_AUTOS = YES_AGGRESSIVE;
				GCC_WARN_UNUSED_FUNCTION = YES;
				GCC_WARN_UNUSED_VARIABLE = YES;
				LOCALIZATION_PREFERS_STRING_CATALOGS = YES;
				MTL_ENABLE_DEBUG_INFO = INCLUDE_SOURCE;
				MTL_FAST_MATH = YES;
				ONLY_ACTIVE_ARCH = YES;
				SDKROOT = xros;
				SWIFT_ACTIVE_COMPILATION_CONDITIONS = "DEBUG $(inherited)";
				SWIFT_OPTIMIZATION_LEVEL = "-Onone";
				XROS_DEPLOYMENT_TARGET = 1.0;
			};
			name = Debug;
		};
		BEEAE8AA2A6400B4003160CD /* Release */ = {
			isa = XCBuildConfiguration;
			buildSettings = {
				ALWAYS_SEARCH_USER_PATHS = NO;
				ASSETCATALOG_COMPILER_GENERATE_SWIFT_ASSET_SYMBOL_EXTENSIONS = YES;
				CLANG_ANALYZER_NONNULL = YES;
				CLANG_ANALYZER_NUMBER_OBJECT_CONVERSION = YES_AGGRESSIVE;
				CLANG_CXX_LANGUAGE_STANDARD = "gnu++20";
				CLANG_ENABLE_MODULES = YES;
				CLANG_ENABLE_OBJC_ARC = YES;
				CLANG_ENABLE_OBJC_WEAK = YES;
				CLANG_WARN_BLOCK_CAPTURE_AUTORELEASING = YES;
				CLANG_WARN_BOOL_CONVERSION = YES;
				CLANG_WARN_COMMA = YES;
				CLANG_WARN_CONSTANT_CONVERSION = YES;
				CLANG_WARN_DEPRECATED_OBJC_IMPLEMENTATIONS = YES;
				CLANG_WARN_DIRECT_OBJC_ISA_USAGE = YES_ERROR;
				CLANG_WARN_DOCUMENTATION_COMMENTS = YES;
				CLANG_WARN_EMPTY_BODY = YES;
				CLANG_WARN_ENUM_CONVERSION = YES;
				CLANG_WARN_INFINITE_RECURSION = YES;
				CLANG_WARN_INT_CONVERSION = YES;
				CLANG_WARN_NON_LITERAL_NULL_CONVERSION = YES;
				CLANG_WARN_OBJC_IMPLICIT_RETAIN_SELF = YES;
				CLANG_WARN_OBJC_LITERAL_CONVERSION = YES;
				CLANG_WARN_OBJC_ROOT_CLASS = YES_ERROR;
				CLANG_WARN_QUOTED_INCLUDE_IN_FRAMEWORK_HEADER = YES;
				CLANG_WARN_RANGE_LOOP_ANALYSIS = YES;
				CLANG_WARN_STRICT_PROTOTYPES = YES;
				CLANG_WARN_SUSPICIOUS_MOVE = YES;
				CLANG_WARN_UNGUARDED_AVAILABILITY = YES_AGGRESSIVE;
				CLANG_WARN_UNREACHABLE_CODE = YES;
				CLANG_WARN__DUPLICATE_METHOD_MATCH = YES;
				COPY_PHASE_STRIP = NO;
				DEBUG_INFORMATION_FORMAT = "dwarf-with-dsym";
				ENABLE_NS_ASSERTIONS = NO;
				ENABLE_STRICT_OBJC_MSGSEND = YES;
				ENABLE_USER_SCRIPT_SANDBOXING = YES;
				GCC_C_LANGUAGE_STANDARD = gnu17;
				GCC_NO_COMMON_BLOCKS = YES;
				GCC_WARN_64_TO_32_BIT_CONVERSION = YES;
				GCC_WARN_ABOUT_RETURN_TYPE = YES_ERROR;
				GCC_WARN_UNDECLARED_SELECTOR = YES;
				GCC_WARN_UNINITIALIZED_AUTOS = YES_AGGRESSIVE;
				GCC_WARN_UNUSED_FUNCTION = YES;
				GCC_WARN_UNUSED_VARIABLE = YES;
				LOCALIZATION_PREFERS_STRING_CATALOGS = YES;
				MTL_ENABLE_DEBUG_INFO = NO;
				MTL_FAST_MATH = YES;
				SDKROOT = xros;
				SWIFT_COMPILATION_MODE = wholemodule;
				VALIDATE_PRODUCT = YES;
				XROS_DEPLOYMENT_TARGET = 1.0;
			};
			name = Release;
		};
		BEEAE8AC2A6400B4003160CD /* Debug */ = {
			isa = XCBuildConfiguration;
			buildSettings = {
				ASSETCATALOG_COMPILER_APPICON_NAME = AppIcon;
				ASSETCATALOG_COMPILER_GLOBAL_ACCENT_COLOR_NAME = AccentColor;
				CODE_SIGN_STYLE = Automatic;
				CURRENT_PROJECT_VERSION = 1;
				DEVELOPMENT_ASSET_PATHS = "\"LaboVisionOS/Preview Content\"";
				DEVELOPMENT_TEAM = 7W7BBEVAYM;
				ENABLE_PREVIEWS = YES;
				ENABLE_USER_SCRIPT_SANDBOXING = NO;
				GENERATE_INFOPLIST_FILE = YES;
				INFOPLIST_KEY_UIApplicationSceneManifest_Generation = YES;
				LD_RUNPATH_SEARCH_PATHS = (
					"$(inherited)",
					"@executable_path/Frameworks",
				);
				MARKETING_VERSION = 1.0;
				PRODUCT_BUNDLE_IDENTIFIER = com.lvup.LaboVisionOS;
				PRODUCT_NAME = "$(TARGET_NAME)";
				SUPPORTED_PLATFORMS = "xros xrsimulator";
				SWIFT_EMIT_LOC_STRINGS = YES;
				SWIFT_VERSION = 5.0;
				TARGETED_DEVICE_FAMILY = "1,2,7";
			};
			name = Debug;
		};
		BEEAE8AD2A6400B4003160CD /* Release */ = {
			isa = XCBuildConfiguration;
			buildSettings = {
				ASSETCATALOG_COMPILER_APPICON_NAME = AppIcon;
				ASSETCATALOG_COMPILER_GLOBAL_ACCENT_COLOR_NAME = AccentColor;
				CODE_SIGN_STYLE = Automatic;
				CURRENT_PROJECT_VERSION = 1;
				DEVELOPMENT_ASSET_PATHS = "\"LaboVisionOS/Preview Content\"";
				DEVELOPMENT_TEAM = 7W7BBEVAYM;
				ENABLE_PREVIEWS = YES;
				ENABLE_USER_SCRIPT_SANDBOXING = NO;
				GENERATE_INFOPLIST_FILE = YES;
				INFOPLIST_KEY_UIApplicationSceneManifest_Generation = YES;
				LD_RUNPATH_SEARCH_PATHS = (
					"$(inherited)",
					"@executable_path/Frameworks",
				);
				MARKETING_VERSION = 1.0;
				PRODUCT_BUNDLE_IDENTIFIER = com.lvup.LaboVisionOS;
				PRODUCT_NAME = "$(TARGET_NAME)";
				SUPPORTED_PLATFORMS = "xros xrsimulator";
				SWIFT_EMIT_LOC_STRINGS = YES;
				SWIFT_VERSION = 5.0;
				TARGETED_DEVICE_FAMILY = "1,2,7";
			};
			name = Release;
		};
		BEEAE8AF2A6400B4003160CD /* Debug */ = {
			isa = XCBuildConfiguration;
			buildSettings = {
				ALWAYS_EMBED_SWIFT_STANDARD_LIBRARIES = YES;
				BUNDLE_LOADER = "$(TEST_HOST)";
				CODE_SIGN_STYLE = Automatic;
				CURRENT_PROJECT_VERSION = 1;
				DEVELOPMENT_TEAM = 7W7BBEVAYM;
				GENERATE_INFOPLIST_FILE = YES;
				MARKETING_VERSION = 1.0;
				PRODUCT_BUNDLE_IDENTIFIER = com.lvup.LaboVisionOSTests;
				PRODUCT_NAME = "$(TARGET_NAME)";
				SUPPORTED_PLATFORMS = "xros xrsimulator";
				SWIFT_EMIT_LOC_STRINGS = NO;
				SWIFT_VERSION = 5.0;
				TARGETED_DEVICE_FAMILY = "1,2,7";
				TEST_HOST = "$(BUILT_PRODUCTS_DIR)/LaboVisionOS.app/$(BUNDLE_EXECUTABLE_FOLDER_PATH)/LaboVisionOS";
				XROS_DEPLOYMENT_TARGET = 1.0;
			};
			name = Debug;
		};
		BEEAE8B02A6400B4003160CD /* Release */ = {
			isa = XCBuildConfiguration;
			buildSettings = {
				ALWAYS_EMBED_SWIFT_STANDARD_LIBRARIES = YES;
				BUNDLE_LOADER = "$(TEST_HOST)";
				CODE_SIGN_STYLE = Automatic;
				CURRENT_PROJECT_VERSION = 1;
				DEVELOPMENT_TEAM = 7W7BBEVAYM;
				GENERATE_INFOPLIST_FILE = YES;
				MARKETING_VERSION = 1.0;
				PRODUCT_BUNDLE_IDENTIFIER = com.lvup.LaboVisionOSTests;
				PRODUCT_NAME = "$(TARGET_NAME)";
				SUPPORTED_PLATFORMS = "xros xrsimulator";
				SWIFT_EMIT_LOC_STRINGS = NO;
				SWIFT_VERSION = 5.0;
				TARGETED_DEVICE_FAMILY = "1,2,7";
				TEST_HOST = "$(BUILT_PRODUCTS_DIR)/LaboVisionOS.app/$(BUNDLE_EXECUTABLE_FOLDER_PATH)/LaboVisionOS";
				XROS_DEPLOYMENT_TARGET = 1.0;
			};
			name = Release;
		};
/* End XCBuildConfiguration section */

/* Begin XCConfigurationList section */
		BEEAE88A2A6400B0003160CD /* Build configuration list for PBXProject "LaboVisionOS" */ = {
			isa = XCConfigurationList;
			buildConfigurations = (
				BEEAE8A92A6400B4003160CD /* Debug */,
				BEEAE8AA2A6400B4003160CD /* Release */,
			);
			defaultConfigurationIsVisible = 0;
			defaultConfigurationName = Release;
		};
		BEEAE8AB2A6400B4003160CD /* Build configuration list for PBXNativeTarget "LaboVisionOS" */ = {
			isa = XCConfigurationList;
			buildConfigurations = (
				BEEAE8AC2A6400B4003160CD /* Debug */,
				BEEAE8AD2A6400B4003160CD /* Release */,
			);
			defaultConfigurationIsVisible = 0;
			defaultConfigurationName = Release;
		};
		BEEAE8AE2A6400B4003160CD /* Build configuration list for PBXNativeTarget "LaboVisionOSTests" */ = {
			isa = XCConfigurationList;
			buildConfigurations = (
				BEEAE8AF2A6400B4003160CD /* Debug */,
				BEEAE8B02A6400B4003160CD /* Release */,
			);
			defaultConfigurationIsVisible = 0;
			defaultConfigurationName = Release;
		};
/* End XCConfigurationList section */

/* Begin XCSwiftPackageProductDependency section */
		BEEAE8942A6400B0003160CD /* RealityKitContent */ = {
			isa = XCSwiftPackageProductDependency;
			productName = RealityKitContent;
		};
/* End XCSwiftPackageProductDependency section */
	};
	rootObject = BEEAE8872A6400B0003160CD /* Project object */;
}
